
Microsoft Visual Studio Solution File, Format Version 12.00
# Visual Studio Version 17
VisualStudioVersion = 17.6.33815.320
MinimumVisualStudioVersion = 10.0.40219.1
Project("{FAE04EC0-301F-11D3-BF4B-00C04F79EFBC}") = "FFXM", "FFXM\FFXM.csproj", "{9127A88A-7EBC-4AA2-8611-2A7ACBC4C9CB}"
EndProject
Global
	GlobalSection(SolutionConfigurationPlatforms) = preSolution
		Debug|Any CPU = Debug|Any CPU
		Release|Any CPU = Release|Any CPU
	EndGlobalSection
	GlobalSection(ProjectConfigurationPlatforms) = postSolution
		{9127A88A-7EBC-4AA2-8611-2A7ACBC4C9CB}.Debug|Any CPU.ActiveCfg = Debug|Any CPU
		{9127A88A-7EBC-4AA2-8611-2A7ACBC4C9CB}.Debug|Any CPU.Build.0 = Debug|Any CPU
		{9127A88A-7EBC-4AA2-8611-2A7ACBC4C9CB}.Release|Any CPU.ActiveCfg = Release|Any CPU
		{9127A88A-7EBC-4AA2-8611-2A7ACBC4C9CB}.Release|Any CPU.Build.0 = Release|Any CPU
	EndGlobalSection
	GlobalSection(SolutionProperties) = preSolution
		HideSolutionNode = FALSE
	EndGlobalSection
	GlobalSection(ExtensibilityGlobals) = postSolution
		SolutionGuid = {639DDD95-58AE-46CE-9839-3EE749131E56}
	EndGlobalSection
EndGlobal
